PODS:
  - SwifterSwift (4.3.0):
    - SwifterSwift/AppKit (= 4.3.0)
    - SwifterSwift/CoreGraphics (= 4.3.0)
    - SwifterSwift/CoreLocation (= 4.3.0)
    - SwifterSwift/Foundation (= 4.3.0)
    - SwifterSwift/MapKit (= 4.3.0)
    - SwifterSwift/SwiftStdlib (= 4.3.0)
    - SwifterSwift/UIKit (= 4.3.0)
  - SwifterSwift/AppKit (4.3.0)
  - SwifterSwift/CoreGraphics (4.3.0)
  - SwifterSwift/CoreLocation (4.3.0)
  - SwifterSwift/Foundation (4.3.0)
  - SwifterSwift/MapKit (4.3.0)
  - SwifterSwift/SwiftStdlib (4.3.0)
  - SwifterSwift/UIKit (4.3.0)

DEPENDENCIES:
  - SwifterSwift (= 4.3.0)

SPEC REPOS:
  https://github.com/cocoapods/specs.git:
    - SwifterSwift

SPEC CHECKSUMS:
  SwifterSwift: f3fce2b9fc5b9d8fda6eec33825e5243c60aebba

PODFILE CHECKSUM: 5aea1f96bd4574ecf260e6f3350831ca5ccce205

COCOAPODS: 1.5.2
